{
  "requires": true,
  "lockfileVersion": 1,
  "dependencies": {
    "parse-bearer-token": {
      "version": "1.0.1",
      "resolved": "https://registry.npmjs.org/parse-bearer-token/-/parse-bearer-token-1.0.1.tgz",
      "integrity": "sha512-64FLw+pKZQPnoHqryZ7aGqpIc5ud2Xe1TnxBbK5CmUhJtYjVTKt//BLTP/zYhVs3O5OWsCDdqyoPnYd3SivQOA=="
    }
  }
}
